
Microsoft Visual Studio Solution File, Format Version 12.00
# Visual Studio 2012
Project("{FAE04EC0-301F-11D3-BF4B-00C04F79EFBC}") = "chui", "chui\chui.csproj", "{8FF71F59-029B-4080-A6FF-CAD83CBBC023}"
EndProject
Project("{2150E333-8FDC-42A3-9474-1A3956D46DE8}") = "PackageManagers", "PackageManagers", "{B711C814-2A22-4C47-9A58-C0874FD32E2E}"
EndProject
Project("{FAE04EC0-301F-11D3-BF4B-00C04F79EFBC}") = "chui.Core", "chui.Core\chui.Core.csproj", "{7823B209-CF38-4081-BCD5-FEDD7BA22939}"
EndProject
Project("{FAE04EC0-301F-11D3-BF4B-00C04F79EFBC}") = "Chocolatey", "PackageManagers\Chocolatey\Chocolatey.csproj", "{95E2444E-5EF8-488F-84EB-53AC5158F3B0}"
EndProject
Project("{FAE04EC0-301F-11D3-BF4B-00C04F79EFBC}") = "Npackd", "PackageManagers\Npackd\Npackd.csproj", "{B28950AE-9FFD-441B-9389-E7F087754D62}"
EndProject
Global
	GlobalSection(SolutionConfigurationPlatforms) = preSolution
		Debug|Any CPU = Debug|Any CPU
		Release|Any CPU = Release|Any CPU
	EndGlobalSection
	GlobalSection(ProjectConfigurationPlatforms) = postSolution
		{8FF71F59-029B-4080-A6FF-CAD83CBBC023}.Debug|Any CPU.ActiveCfg = Debug|Any CPU
		{8FF71F59-029B-4080-A6FF-CAD83CBBC023}.Debug|Any CPU.Build.0 = Debug|Any CPU
		{8FF71F59-029B-4080-A6FF-CAD83CBBC023}.Release|Any CPU.ActiveCfg = Release|Any CPU
		{8FF71F59-029B-4080-A6FF-CAD83CBBC023}.Release|Any CPU.Build.0 = Release|Any CPU
		{7823B209-CF38-4081-BCD5-FEDD7BA22939}.Debug|Any CPU.ActiveCfg = Debug|Any CPU
		{7823B209-CF38-4081-BCD5-FEDD7BA22939}.Debug|Any CPU.Build.0 = Debug|Any CPU
		{7823B209-CF38-4081-BCD5-FEDD7BA22939}.Release|Any CPU.ActiveCfg = Release|Any CPU
		{7823B209-CF38-4081-BCD5-FEDD7BA22939}.Release|Any CPU.Build.0 = Release|Any CPU
		{95E2444E-5EF8-488F-84EB-53AC5158F3B0}.Debug|Any CPU.ActiveCfg = Debug|Any CPU
		{95E2444E-5EF8-488F-84EB-53AC5158F3B0}.Debug|Any CPU.Build.0 = Debug|Any CPU
		{95E2444E-5EF8-488F-84EB-53AC5158F3B0}.Release|Any CPU.ActiveCfg = Release|Any CPU
		{95E2444E-5EF8-488F-84EB-53AC5158F3B0}.Release|Any CPU.Build.0 = Release|Any CPU
		{B28950AE-9FFD-441B-9389-E7F087754D62}.Debug|Any CPU.ActiveCfg = Debug|Any CPU
		{B28950AE-9FFD-441B-9389-E7F087754D62}.Debug|Any CPU.Build.0 = Debug|Any CPU
		{B28950AE-9FFD-441B-9389-E7F087754D62}.Release|Any CPU.ActiveCfg = Release|Any CPU
		{B28950AE-9FFD-441B-9389-E7F087754D62}.Release|Any CPU.Build.0 = Release|Any CPU
	EndGlobalSection
	GlobalSection(SolutionProperties) = preSolution
		HideSolutionNode = FALSE
	EndGlobalSection
	GlobalSection(NestedProjects) = preSolution
		{95E2444E-5EF8-488F-84EB-53AC5158F3B0} = {B711C814-2A22-4C47-9A58-C0874FD32E2E}
		{B28950AE-9FFD-441B-9389-E7F087754D62} = {B711C814-2A22-4C47-9A58-C0874FD32E2E}
	EndGlobalSection
EndGlobal
